
Microsoft Visual Studio Solution File, Format Version 12.00
# Visual Studio 14
VisualStudioVersion = 14.0.23107.0
MinimumVisualStudioVersion = 10.0.40219.1
Project("{FAE04EC0-301F-11D3-BF4B-00C04F79EFBC}") = "Domain", "Domain\Domain.csproj", "{945E7A7A-F719-45F9-A8AC-AA9539286F77}"
EndProject
Project("{FAE04EC0-301F-11D3-BF4B-00C04F79EFBC}") = "ToDoWeb", "ToDoWeb\ToDoWeb.csproj", "{C340927D-03F8-4B4E-82CA-43A532E25892}"
EndProject
Global
	GlobalSection(SolutionConfigurationPlatforms) = preSolution
		Debug|Any CPU = Debug|Any CPU
		Release|Any CPU = Release|Any CPU
	EndGlobalSection
	GlobalSection(ProjectConfigurationPlatforms) = postSolution
		{945E7A7A-F719-45F9-A8AC-AA9539286F77}.Debug|Any CPU.ActiveCfg = Debug|Any CPU
		{945E7A7A-F719-45F9-A8AC-AA9539286F77}.Debug|Any CPU.Build.0 = Debug|Any CPU
		{945E7A7A-F719-45F9-A8AC-AA9539286F77}.Release|Any CPU.ActiveCfg = Release|Any CPU
		{945E7A7A-F719-45F9-A8AC-AA9539286F77}.Release|Any CPU.Build.0 = Release|Any CPU
		{C340927D-03F8-4B4E-82CA-43A532E25892}.Debug|Any CPU.ActiveCfg = Debug|Any CPU
		{C340927D-03F8-4B4E-82CA-43A532E25892}.Debug|Any CPU.Build.0 = Debug|Any CPU
		{C340927D-03F8-4B4E-82CA-43A532E25892}.Release|Any CPU.ActiveCfg = Release|Any CPU
		{C340927D-03F8-4B4E-82CA-43A532E25892}.Release|Any CPU.Build.0 = Release|Any CPU
	EndGlobalSection
	GlobalSection(SolutionProperties) = preSolution
		HideSolutionNode = FALSE
	EndGlobalSection
EndGlobal
